
Microsoft Visual Studio Solution File, Format Version 12.00
# Visual Studio Version 16
VisualStudioVersion = 16.0.29306.81
MinimumVisualStudioVersion = 10.0.40219.1
Project("{9A19103F-16F7-4668-BE54-9A1E7A4F7556}") = "ObjectOrientedDB", "ObjectOrientedDB\ObjectOrientedDB.csproj", "{72DC36F1-D819-400C-AAC0-80DC98305BD8}"
EndProject
Project("{9A19103F-16F7-4668-BE54-9A1E7A4F7556}") = "XUnitTests", "XUnitTests\XUnitTests.csproj", "{0AFE29E0-336F-4632-98E3-739337D1BD9D}"
EndProject
Project("{9A19103F-16F7-4668-BE54-9A1E7A4F7556}") = "Benchmarks", "Benchmarks\Benchmarks.csproj", "{7C3949FB-0229-4DFA-98A1-82237337D74E}"
EndProject
Project("{9A19103F-16F7-4668-BE54-9A1E7A4F7556}") = "FlatBuffers.Core", "FlatBuffers\FlatBuffers.Core.csproj", "{0101F5C4-CC85-4CE3-9F30-907E474762BD}"
EndProject
Project("{FAE04EC0-301F-11D3-BF4B-00C04F79EFBC}") = "Example", "Example\Example.csproj", "{D6D08BF2-1A90-46CE-8859-4CF351555EEC}"
EndProject
Global
	GlobalSection(SolutionConfigurationPlatforms) = preSolution
		Debug|Any CPU = Debug|Any CPU
		Release|Any CPU = Release|Any CPU
	EndGlobalSection
	GlobalSection(ProjectConfigurationPlatforms) = postSolution
		{72DC36F1-D819-400C-AAC0-80DC98305BD8}.Debug|Any CPU.ActiveCfg = Debug|Any CPU
		{72DC36F1-D819-400C-AAC0-80DC98305BD8}.Debug|Any CPU.Build.0 = Debug|Any CPU
		{72DC36F1-D819-400C-AAC0-80DC98305BD8}.Release|Any CPU.ActiveCfg = Release|Any CPU
		{72DC36F1-D819-400C-AAC0-80DC98305BD8}.Release|Any CPU.Build.0 = Release|Any CPU
		{0AFE29E0-336F-4632-98E3-739337D1BD9D}.Debug|Any CPU.ActiveCfg = Debug|Any CPU
		{0AFE29E0-336F-4632-98E3-739337D1BD9D}.Debug|Any CPU.Build.0 = Debug|Any CPU
		{0AFE29E0-336F-4632-98E3-739337D1BD9D}.Release|Any CPU.ActiveCfg = Release|Any CPU
		{0AFE29E0-336F-4632-98E3-739337D1BD9D}.Release|Any CPU.Build.0 = Release|Any CPU
		{7C3949FB-0229-4DFA-98A1-82237337D74E}.Debug|Any CPU.ActiveCfg = Debug|Any CPU
		{7C3949FB-0229-4DFA-98A1-82237337D74E}.Debug|Any CPU.Build.0 = Debug|Any CPU
		{7C3949FB-0229-4DFA-98A1-82237337D74E}.Release|Any CPU.ActiveCfg = Release|Any CPU
		{7C3949FB-0229-4DFA-98A1-82237337D74E}.Release|Any CPU.Build.0 = Release|Any CPU
		{0101F5C4-CC85-4CE3-9F30-907E474762BD}.Debug|Any CPU.ActiveCfg = Debug|Any CPU
		{0101F5C4-CC85-4CE3-9F30-907E474762BD}.Debug|Any CPU.Build.0 = Debug|Any CPU
		{0101F5C4-CC85-4CE3-9F30-907E474762BD}.Release|Any CPU.ActiveCfg = Release|Any CPU
		{0101F5C4-CC85-4CE3-9F30-907E474762BD}.Release|Any CPU.Build.0 = Release|Any CPU
		{D6D08BF2-1A90-46CE-8859-4CF351555EEC}.Debug|Any CPU.ActiveCfg = Debug|Any CPU
		{D6D08BF2-1A90-46CE-8859-4CF351555EEC}.Debug|Any CPU.Build.0 = Debug|Any CPU
		{D6D08BF2-1A90-46CE-8859-4CF351555EEC}.Release|Any CPU.ActiveCfg = Release|Any CPU
		{D6D08BF2-1A90-46CE-8859-4CF351555EEC}.Release|Any CPU.Build.0 = Release|Any CPU
	EndGlobalSection
	GlobalSection(SolutionProperties) = preSolution
		HideSolutionNode = FALSE
	EndGlobalSection
	GlobalSection(ExtensibilityGlobals) = postSolution
		SolutionGuid = {04533EB4-83DC-4E90-8944-1420D1493B3A}
	EndGlobalSection
EndGlobal
